
Microsoft Visual Studio Solution File, Format Version 12.00
# Visual Studio Version 17
VisualStudioVersion = 17.6.33815.320
MinimumVisualStudioVersion = 10.0.40219.1
Project("{2150E333-8FDC-42A3-9474-1A3956D46DE8}") = "Frontends", "Frontends", "{6C2EAB6B-73C4-4E17-B604-0F0FF15087B9}"
EndProject
Project("{2150E333-8FDC-42A3-9474-1A3956D46DE8}") = "Discount", "Discount", "{7ACE528D-6E6B-4A0F-AD32-2C12C72B1D21}"
EndProject
Project("{2150E333-8FDC-42A3-9474-1A3956D46DE8}") = "Payment", "Payment", "{36536216-C8B9-4381-978A-1384839722CB}"
EndProject
Project("{2150E333-8FDC-42A3-9474-1A3956D46DE8}") = "Order", "Order", "{48D86BED-A00E-42A3-BCBB-3A7EBAB7CD36}"
EndProject
Project("{2150E333-8FDC-42A3-9474-1A3956D46DE8}") = "Basket", "Basket", "{B2D35683-E4C4-43E7-856B-955B832FD3D3}"
EndProject
Project("{2150E333-8FDC-42A3-9474-1A3956D46DE8}") = "Catalog", "Catalog", "{2565FDF7-65B7-4370-9B84-819FEAF63C2E}"
EndProject
Project("{2150E333-8FDC-42A3-9474-1A3956D46DE8}") = "Services", "Services", "{C000A888-58B5-4FC0-9F21-F36753DDAAC5}"
EndProject
Project("{2150E333-8FDC-42A3-9474-1A3956D46DE8}") = "Gateways", "Gateways", "{964A4696-15CA-4754-AAF6-03114C2FB3B6}"
EndProject
Project("{2150E333-8FDC-42A3-9474-1A3956D46DE8}") = "ToDo", "ToDo", "{E845CEEA-709B-48C1-BEFC-7607A01DDFF0}"
EndProject
Project("{2150E333-8FDC-42A3-9474-1A3956D46DE8}") = "Cargo", "Cargo", "{FA9E568C-28A9-409B-A99F-0CE9AFA81C34}"
EndProject
Project("{FAE04EC0-301F-11D3-BF4B-00C04F79EFBC}") = "CasgemMicroServices.Catalog", "Services\Catalog\CasgemMicroServices.Catalog\CasgemMicroServices.Catalog.csproj", "{F8451CC1-C063-445D-939C-801E81F1E297}"
EndProject
Project("{FAE04EC0-301F-11D3-BF4B-00C04F79EFBC}") = "CasgemMicroServices.Basket", "Services\Basket\CasgemMicroServices.Basket\CasgemMicroServices.Basket.csproj", "{A7056445-515A-4189-8D2D-CC81A2022B20}"
EndProject
Project("{FAE04EC0-301F-11D3-BF4B-00C04F79EFBC}") = "CasgemMicroServices.Discount", "Services\Discount\CasgemMicroServices.Discount\CasgemMicroServices.Discount.csproj", "{11202AB2-736E-45ED-ADA4-2EBDBE0984B0}"
EndProject
Project("{FAE04EC0-301F-11D3-BF4B-00C04F79EFBC}") = "CasgemMicroservices.Order", "Services\Order\CasgemMicroservices.Order\CasgemMicroservices.Order.csproj", "{773AF04F-A155-412B-BF68-557BE76FEC77}"
EndProject
Project("{FAE04EC0-301F-11D3-BF4B-00C04F79EFBC}") = "CasgemMicroServices.Cargo", "Services\Cargo\CasgemMicroServices.Cargo\CasgemMicroServices.Cargo.csproj", "{E702F82C-15CA-4693-A533-0849EBDF1B37}"
EndProject
Project("{FAE04EC0-301F-11D3-BF4B-00C04F79EFBC}") = "CasgemMicroServices.Payment", "Services\Payment\CasgemMicroServices.Payment\CasgemMicroServices.Payment.csproj", "{03832406-5D22-450D-827B-A3E36A194926}"
EndProject
Global
	GlobalSection(SolutionConfigurationPlatforms) = preSolution
		Debug|Any CPU = Debug|Any CPU
		Release|Any CPU = Release|Any CPU
	EndGlobalSection
	GlobalSection(ProjectConfigurationPlatforms) = postSolution
		{F8451CC1-C063-445D-939C-801E81F1E297}.Debug|Any CPU.ActiveCfg = Debug|Any CPU
		{F8451CC1-C063-445D-939C-801E81F1E297}.Debug|Any CPU.Build.0 = Debug|Any CPU
		{F8451CC1-C063-445D-939C-801E81F1E297}.Release|Any CPU.ActiveCfg = Release|Any CPU
		{F8451CC1-C063-445D-939C-801E81F1E297}.Release|Any CPU.Build.0 = Release|Any CPU
		{A7056445-515A-4189-8D2D-CC81A2022B20}.Debug|Any CPU.ActiveCfg = Debug|Any CPU
		{A7056445-515A-4189-8D2D-CC81A2022B20}.Debug|Any CPU.Build.0 = Debug|Any CPU
		{A7056445-515A-4189-8D2D-CC81A2022B20}.Release|Any CPU.ActiveCfg = Release|Any CPU
		{A7056445-515A-4189-8D2D-CC81A2022B20}.Release|Any CPU.Build.0 = Release|Any CPU
		{11202AB2-736E-45ED-ADA4-2EBDBE0984B0}.Debug|Any CPU.ActiveCfg = Debug|Any CPU
		{11202AB2-736E-45ED-ADA4-2EBDBE0984B0}.Debug|Any CPU.Build.0 = Debug|Any CPU
		{11202AB2-736E-45ED-ADA4-2EBDBE0984B0}.Release|Any CPU.ActiveCfg = Release|Any CPU
		{11202AB2-736E-45ED-ADA4-2EBDBE0984B0}.Release|Any CPU.Build.0 = Release|Any CPU
		{773AF04F-A155-412B-BF68-557BE76FEC77}.Debug|Any CPU.ActiveCfg = Debug|Any CPU
		{773AF04F-A155-412B-BF68-557BE76FEC77}.Debug|Any CPU.Build.0 = Debug|Any CPU
		{773AF04F-A155-412B-BF68-557BE76FEC77}.Release|Any CPU.ActiveCfg = Release|Any CPU
		{773AF04F-A155-412B-BF68-557BE76FEC77}.Release|Any CPU.Build.0 = Release|Any CPU
		{E702F82C-15CA-4693-A533-0849EBDF1B37}.Debug|Any CPU.ActiveCfg = Debug|Any CPU
		{E702F82C-15CA-4693-A533-0849EBDF1B37}.Debug|Any CPU.Build.0 = Debug|Any CPU
		{E702F82C-15CA-4693-A533-0849EBDF1B37}.Release|Any CPU.ActiveCfg = Release|Any CPU
		{E702F82C-15CA-4693-A533-0849EBDF1B37}.Release|Any CPU.Build.0 = Release|Any CPU
		{03832406-5D22-450D-827B-A3E36A194926}.Debug|Any CPU.ActiveCfg = Debug|Any CPU
		{03832406-5D22-450D-827B-A3E36A194926}.Debug|Any CPU.Build.0 = Debug|Any CPU
		{03832406-5D22-450D-827B-A3E36A194926}.Release|Any CPU.ActiveCfg = Release|Any CPU
		{03832406-5D22-450D-827B-A3E36A194926}.Release|Any CPU.Build.0 = Release|Any CPU
	EndGlobalSection
	GlobalSection(SolutionProperties) = preSolution
		HideSolutionNode = FALSE
	EndGlobalSection
	GlobalSection(NestedProjects) = preSolution
		{7ACE528D-6E6B-4A0F-AD32-2C12C72B1D21} = {C000A888-58B5-4FC0-9F21-F36753DDAAC5}
		{36536216-C8B9-4381-978A-1384839722CB} = {C000A888-58B5-4FC0-9F21-F36753DDAAC5}
		{48D86BED-A00E-42A3-BCBB-3A7EBAB7CD36} = {C000A888-58B5-4FC0-9F21-F36753DDAAC5}
		{B2D35683-E4C4-43E7-856B-955B832FD3D3} = {C000A888-58B5-4FC0-9F21-F36753DDAAC5}
		{2565FDF7-65B7-4370-9B84-819FEAF63C2E} = {C000A888-58B5-4FC0-9F21-F36753DDAAC5}
		{FA9E568C-28A9-409B-A99F-0CE9AFA81C34} = {C000A888-58B5-4FC0-9F21-F36753DDAAC5}
		{F8451CC1-C063-445D-939C-801E81F1E297} = {2565FDF7-65B7-4370-9B84-819FEAF63C2E}
		{A7056445-515A-4189-8D2D-CC81A2022B20} = {B2D35683-E4C4-43E7-856B-955B832FD3D3}
		{11202AB2-736E-45ED-ADA4-2EBDBE0984B0} = {7ACE528D-6E6B-4A0F-AD32-2C12C72B1D21}
		{773AF04F-A155-412B-BF68-557BE76FEC77} = {48D86BED-A00E-42A3-BCBB-3A7EBAB7CD36}
		{E702F82C-15CA-4693-A533-0849EBDF1B37} = {FA9E568C-28A9-409B-A99F-0CE9AFA81C34}
		{03832406-5D22-450D-827B-A3E36A194926} = {36536216-C8B9-4381-978A-1384839722CB}
	EndGlobalSection
	GlobalSection(ExtensibilityGlobals) = postSolution
		SolutionGuid = {A6E3FAF6-4C31-4C86-BE92-D6F7139E4AED}
	EndGlobalSection
EndGlobal
